// !$*UTF8*$!
{
	archiveVersion = 1;
	classes = {
	};
	objectVersion = 50;
	objects = {

/* Begin PBXBuildFile section */
		E40E360524C2BCC8001DC2E2 /* 225 MyStack.cpp in Sources */ = {isa = PBXBuildFile; fileRef = E40E360424C2BCC8001DC2E2 /* 225 MyStack.cpp */; };
		E40E360924C2E16B001DC2E2 /* 155 MinStack.cpp in Sources */ = {isa = PBXBuildFile; fileRef = E40E360824C2E16B001DC2E2 /* 155 MinStack.cpp */; };
		E414D4F924C7187C00DD41F3 /* 445 AddTwoNumbers.cpp in Sources */ = {isa = PBXBuildFile; fileRef = E414D4F824C7187C00DD41F3 /* 445 AddTwoNumbers.cpp */; };
		E415BD1724CC96CA003D4899 /* 344 ReverseString.cpp in Sources */ = {isa = PBXBuildFile; fileRef = E415BD1624CC96CA003D4899 /* 344 ReverseString.cpp */; };
		E41948EA24DB084F0026B020 /* 98 ValidateBinarySearchTree.cpp in Sources */ = {isa = PBXBuildFile; fileRef = E41948E924DB084F0026B020 /* 98 ValidateBinarySearchTree.cpp */; };
		E41948EC24DB19B00026B020 /* 173 Binary Search Tree Iterator.cpp in Sources */ = {isa = PBXBuildFile; fileRef = E41948EB24DB19B00026B020 /* 173 Binary Search Tree Iterator.cpp */; };
		E41948EE24DB25850026B020 /* 700 Search in a Binary Search Tree.cpp in Sources */ = {isa = PBXBuildFile; fileRef = E41948ED24DB25850026B020 /* 700 Search in a Binary Search Tree.cpp */; };
		E41948F024DB2B150026B020 /* 701 Insert into a Binary Search Tree.cpp in Sources */ = {isa = PBXBuildFile; fileRef = E41948EF24DB2B150026B020 /* 701 Insert into a Binary Search Tree.cpp */; };
		E41948F224DB30EE0026B020 /* 450 Delete Node in a BST.cpp in Sources */ = {isa = PBXBuildFile; fileRef = E41948F124DB30EE0026B020 /* 450 Delete Node in a BST.cpp */; };
		E42C8F3324CFE553009979EE /* 107 BinaryTreeLevelOrderTraversalII.cpp in Sources */ = {isa = PBXBuildFile; fileRef = E42C8F3224CFE553009979EE /* 107 BinaryTreeLevelOrderTraversalII.cpp */; };
		E42C8F3624CFED05009979EE /* 106 ConstructBinaryTreefromInorderandPostorderTraversal.cpp in Sources */ = {isa = PBXBuildFile; fileRef = E42C8F3524CFED05009979EE /* 106 ConstructBinaryTreefromInorderandPostorderTraversal.cpp */; };
		E42C8F3924D00AC4009979EE /* 105 ConstructBinaryTreefromPreorderandInorderTraversal.cpp in Sources */ = {isa = PBXBuildFile; fileRef = E42C8F3824D00AC4009979EE /* 105 ConstructBinaryTreefromPreorderandInorderTraversal.cpp */; };
		E42C8F3C24D01A22009979EE /* 116 PopulatingNextRightPointersinEachNode.cpp in Sources */ = {isa = PBXBuildFile; fileRef = E42C8F3B24D01A22009979EE /* 116 PopulatingNextRightPointersinEachNode.cpp */; };
		E42C8F3F24D03374009979EE /* 117 PopulatingNextRightPointersinEachNodeII.cpp in Sources */ = {isa = PBXBuildFile; fileRef = E42C8F3E24D03374009979EE /* 117 PopulatingNextRightPointersinEachNodeII.cpp */; };
		E42C8F4224D05E4D009979EE /* 236 LowestCommonAncestorofaBinaryTree.cpp in Sources */ = {isa = PBXBuildFile; fileRef = E42C8F4124D05E4D009979EE /* 236 LowestCommonAncestorofaBinaryTree.cpp */; };
		E43549E924DDF6A600CC606A /* 703 Kth Largest Element in a Stream.cpp in Sources */ = {isa = PBXBuildFile; fileRef = E43549E824DDF6A600CC606A /* 703 Kth Largest Element in a Stream.cpp */; };
		E43549FE24DE578B00CC606A /* 235 Lowest Common Ancestor of a Binary Search Tree.cpp in Sources */ = {isa = PBXBuildFile; fileRef = E43549FD24DE578B00CC606A /* 235 Lowest Common Ancestor of a Binary Search Tree.cpp */; };
		E4354A0024E00E8E00CC606A /* 220 Contains Duplicate III.cpp in Sources */ = {isa = PBXBuildFile; fileRef = E43549FF24E00E8E00CC606A /* 220 Contains Duplicate III.cpp */; };
		E4354A0224E047EA00CC606A /* 110 Balanced Binary Tree.cpp in Sources */ = {isa = PBXBuildFile; fileRef = E4354A0124E047EA00CC606A /* 110 Balanced Binary Tree.cpp */; };
		E4354A0424E0553200CC606A /* 108 Convert Sorted Array to Binary Search Tree.cpp in Sources */ = {isa = PBXBuildFile; fileRef = E4354A0324E0553200CC606A /* 108 Convert Sorted Array to Binary Search Tree.cpp */; };
		E44664E924C0EF360008DCEE /* 83 RemoveDuplicatesfromSortedList.cpp in Sources */ = {isa = PBXBuildFile; fileRef = E44664E824C0EF360008DCEE /* 83 RemoveDuplicatesfromSortedList.cpp */; };
		E44664EF24C20CAB0008DCEE /* 232 MyQueue.cpp in Sources */ = {isa = PBXBuildFile; fileRef = E44664EE24C20CAB0008DCEE /* 232 MyQueue.cpp */; };
		E4502FBD24D43AFB002A0AD4 /* 394 DecodeString.cpp in Sources */ = {isa = PBXBuildFile; fileRef = E4502FBC24D43AFB002A0AD4 /* 394 DecodeString.cpp */; };
		E45322A224CD0C9800067CC4 /* 144 BinaryTreePreorderTraversal.cpp in Sources */ = {isa = PBXBuildFile; fileRef = E45322A124CD0C9800067CC4 /* 144 BinaryTreePreorderTraversal.cpp */; };
		E45322A724CD1BB400067CC4 /* 94 BinaryTreeInorderTraversal.cpp in Sources */ = {isa = PBXBuildFile; fileRef = E45322A624CD1BB400067CC4 /* 94 BinaryTreeInorderTraversal.cpp */; };
		E45322AA24CD201F00067CC4 /* 145 BinaryTreePostorderTraversal.cpp in Sources */ = {isa = PBXBuildFile; fileRef = E45322A924CD201F00067CC4 /* 145 BinaryTreePostorderTraversal.cpp */; };
		E45322AD24CD619800067CC4 /* 102 BinaryTreeLevelOrderTraversal.cpp in Sources */ = {isa = PBXBuildFile; fileRef = E45322AC24CD619800067CC4 /* 102 BinaryTreeLevelOrderTraversal.cpp */; };
		E45322B024CE011E00067CC4 /* 104 MaximumDepthofBinaryTree.cpp in Sources */ = {isa = PBXBuildFile; fileRef = E45322AF24CE011E00067CC4 /* 104 MaximumDepthofBinaryTree.cpp */; };
		E45322B324CE116700067CC4 /* 111 MinimumDepthofBinaryTree.cpp in Sources */ = {isa = PBXBuildFile; fileRef = E45322B224CE116700067CC4 /* 111 MinimumDepthofBinaryTree.cpp */; };
		E45322B624CEC35500067CC4 /* 101 SymmetricTree.cpp in Sources */ = {isa = PBXBuildFile; fileRef = E45322B524CEC35500067CC4 /* 101 SymmetricTree.cpp */; };
		E45322B924CED49300067CC4 /* 112 PathSum.cpp in Sources */ = {isa = PBXBuildFile; fileRef = E45322B824CED49300067CC4 /* 112 PathSum.cpp */; };
		E4553CD124BEDD41002A69D3 /* 430 FlattenaMultilevelDoublyLinkedList.cpp in Sources */ = {isa = PBXBuildFile; fileRef = E4553CD024BEDD41002A69D3 /* 430 FlattenaMultilevelDoublyLinkedList.cpp */; };
		E4553CD424BEFD62002A69D3 /* 138 CopyListwithRandomPointer.cpp in Sources */ = {isa = PBXBuildFile; fileRef = E4553CD324BEFD62002A69D3 /* 138 CopyListwithRandomPointer.cpp */; };
		E45BF78524B9857D0051A649 /* main.cpp in Sources */ = {isa = PBXBuildFile; fileRef = E45BF78424B9857D0051A649 /* main.cpp */; };
		E45BF78E24B985C50051A649 /* 206 ReverseLinkedList.cpp in Sources */ = {isa = PBXBuildFile; fileRef = E45BF78C24B985C50051A649 /* 206 ReverseLinkedList.cpp */; };
		E45BF79224B9903E0051A649 /* 92 Reverse Linked List II.cpp in Sources */ = {isa = PBXBuildFile; fileRef = E45BF79024B9903E0051A649 /* 92 Reverse Linked List II.cpp */; };
		E45BF79624B9AAC30051A649 /* 160 Intersection of Two Linked Lists.cpp in Sources */ = {isa = PBXBuildFile; fileRef = E45BF79524B9AAC30051A649 /* 160 Intersection of Two Linked Lists.cpp */; };
		E45BF7D424BB6DBD0051A649 /* 141 LinkedListCycle.cpp in Sources */ = {isa = PBXBuildFile; fileRef = E45BF7D224BB6DBD0051A649 /* 141 LinkedListCycle.cpp */; };
		E45BF7D624BB6F600051A649 /* 142 LinkedListCycleII.cpp in Sources */ = {isa = PBXBuildFile; fileRef = E45BF7D524BB6F600051A649 /* 142 LinkedListCycleII.cpp */; };
		E45BF7D924BC52AC0051A649 /* 19 RemoveNthNodeFromEndofList.cpp in Sources */ = {isa = PBXBuildFile; fileRef = E45BF7D824BC52AC0051A649 /* 19 RemoveNthNodeFromEndofList.cpp */; };
		E45BF7DC24BC636B0051A649 /* 203 RemoveLinkedListElements.cpp in Sources */ = {isa = PBXBuildFile; fileRef = E45BF7DB24BC636B0051A649 /* 203 RemoveLinkedListElements.cpp */; };
		E45BF7DF24BC76A60051A649 /* 328 OddEvenLinkedList.cpp in Sources */ = {isa = PBXBuildFile; fileRef = E45BF7DE24BC76A60051A649 /* 328 OddEvenLinkedList.cpp */; };
		E45BF7E224BC84B60051A649 /* 234 PalindromeLinkedList.cpp in Sources */ = {isa = PBXBuildFile; fileRef = E45BF7E124BC84B60051A649 /* 234 PalindromeLinkedList.cpp */; };
		E45BF7E524BC9B040051A649 /* 707 DesignLinkedList.cpp in Sources */ = {isa = PBXBuildFile; fileRef = E45BF7E424BC9B040051A649 /* 707 DesignLinkedList.cpp */; };
		E45BF7E824BD89D30051A649 /* 21 MergeTwoSortedLists.cpp in Sources */ = {isa = PBXBuildFile; fileRef = E45BF7E724BD89D30051A649 /* 21 MergeTwoSortedLists.cpp */; };
		E45BF7EB24BDA0AC0051A649 /* 2 AddTwoNumbers.cpp in Sources */ = {isa = PBXBuildFile; fileRef = E45BF7EA24BDA0AC0051A649 /* 2 AddTwoNumbers.cpp */; };
		E45BF7ED24BDDE0E0051A649 /* 61 RotateList.cpp in Sources */ = {isa = PBXBuildFile; fileRef = E45BF7EC24BDDE0E0051A649 /* 61 RotateList.cpp */; };
		E47F01B424D5461B00D05DD4 /* 118 Pascal'sTriangle.cpp in Sources */ = {isa = PBXBuildFile; fileRef = E47F01B324D5461B00D05DD4 /* 118 Pascal'sTriangle.cpp */; };
		E47F01B724D5550E00D05DD4 /* 119 Pascal'sTriangleII.cpp in Sources */ = {isa = PBXBuildFile; fileRef = E47F01B624D5550E00D05DD4 /* 119 Pascal'sTriangleII.cpp */; };
		E483231E24D92BC300C427D6 /* 349 IntersectionOfTwoArrays.cpp in Sources */ = {isa = PBXBuildFile; fileRef = E483231D24D92BC300C427D6 /* 349 IntersectionOfTwoArrays.cpp */; };
		E483232124D92DF700C427D6 /* 1137 N-thTribonacciNumber.cpp in Sources */ = {isa = PBXBuildFile; fileRef = E483232024D92DF700C427D6 /* 1137 N-thTribonacciNumber.cpp */; };
		E483232424D9428B00C427D6 /* 350 IntersectionofTwoArraysII.cpp in Sources */ = {isa = PBXBuildFile; fileRef = E483232324D9428B00C427D6 /* 350 IntersectionofTwoArraysII.cpp */; };
		E483232724D96A2F00C427D6 /* 167 Two Sum II - Input array is sorted.cpp in Sources */ = {isa = PBXBuildFile; fileRef = E483232624D96A2F00C427D6 /* 167 Two Sum II - Input array is sorted.cpp */; };
		E483232A24D979EB00C427D6 /* 287 Find the Duplicate Number.cpp in Sources */ = {isa = PBXBuildFile; fileRef = E483232924D979EB00C427D6 /* 287 Find the Duplicate Number.cpp */; };
		E487532124D8430200319259 /* 367 ValidPerfectSquare.cpp in Sources */ = {isa = PBXBuildFile; fileRef = E487532024D8430200319259 /* 367 ValidPerfectSquare.cpp */; };
		E487532424D8585C00319259 /* 744 FindSmallestLetterGreaterThanTarget.cpp in Sources */ = {isa = PBXBuildFile; fileRef = E487532324D8585C00319259 /* 744 FindSmallestLetterGreaterThanTarget.cpp */; };
		E487532724D8669E00319259 /* 154 FindMinimumInRotatedSortedArrayII.cpp in Sources */ = {isa = PBXBuildFile; fileRef = E487532624D8669E00319259 /* 154 FindMinimumInRotatedSortedArrayII.cpp */; };
		E49CC5EE24D6AF6600F5DADC /* 704 BinarySearch.cpp in Sources */ = {isa = PBXBuildFile; fileRef = E49CC5ED24D6AF6600F5DADC /* 704 BinarySearch.cpp */; };
		E49CC5F124D6B5F100F5DADC /* 69 Sqrt(x).cpp in Sources */ = {isa = PBXBuildFile; fileRef = E49CC5F024D6B5F100F5DADC /* 69 Sqrt(x).cpp */; };
		E49CC5F424D6BE2B00F5DADC /* 374 GuessNumberHigherorLower.cpp in Sources */ = {isa = PBXBuildFile; fileRef = E49CC5F324D6BE2B00F5DADC /* 374 GuessNumberHigherorLower.cpp */; };
		E49CC5F724D6C28400F5DADC /* 33 SearchinRotatedSortedArray.cpp in Sources */ = {isa = PBXBuildFile; fileRef = E49CC5F624D6C28400F5DADC /* 33 SearchinRotatedSortedArray.cpp */; };
		E49CC5FA24D748CD00F5DADC /* 278 FirstBadVersion.cpp in Sources */ = {isa = PBXBuildFile; fileRef = E49CC5F924D748CD00F5DADC /* 278 FirstBadVersion.cpp */; };
		E49CC5FD24D7509000F5DADC /* 162 FindPeakElement.cpp in Sources */ = {isa = PBXBuildFile; fileRef = E49CC5FC24D7509000F5DADC /* 162 FindPeakElement.cpp */; };
		E49CC60024D752B900F5DADC /* 153 FindMinimumInRotatedSortedArray.cpp in Sources */ = {isa = PBXBuildFile; fileRef = E49CC5FF24D752B900F5DADC /* 153 FindMinimumInRotatedSortedArray.cpp */; };
		E49CC60324D7FE9300F5DADC /* 34 FindFirstAndLastPositionOfElementInSortedArray.cpp in Sources */ = {isa = PBXBuildFile; fileRef = E49CC60224D7FE9300F5DADC /* 34 FindFirstAndLastPositionOfElementInSortedArray.cpp */; };
		E49CC60624D826E300F5DADC /* 658 FindKClosestElements.cpp in Sources */ = {isa = PBXBuildFile; fileRef = E49CC60524D826E300F5DADC /* 658 FindKClosestElements.cpp */; };
		E4BBEAFF24D57FB900067F1E /* 509 FibonacciNumber.cpp in Sources */ = {isa = PBXBuildFile; fileRef = E4BBEAFE24D57FB900067F1E /* 509 FibonacciNumber.cpp */; };
		E4BBEB0224D5850500067F1E /* 70 ClimbingStairs.cpp in Sources */ = {isa = PBXBuildFile; fileRef = E4BBEB0124D5850500067F1E /* 70 ClimbingStairs.cpp */; };
		E4BBEB0524D5A5FE00067F1E /* 50 Pow(x, n).cpp in Sources */ = {isa = PBXBuildFile; fileRef = E4BBEB0424D5A5FE00067F1E /* 50 Pow(x, n).cpp */; };
		E4BBEB0824D5BE3F00067F1E /* 779 K-thSymbolInGrammar.cpp in Sources */ = {isa = PBXBuildFile; fileRef = E4BBEB0724D5BE3F00067F1E /* 779 K-thSymbolInGrammar.cpp */; };
		E4C4530A24C98B7100E3C956 /* 24 SwapNodesinPairs.cpp in Sources */ = {isa = PBXBuildFile; fileRef = E4C4530924C98B7100E3C956 /* 24 SwapNodesinPairs.cpp */; };
		E4C4530E24C9AC9600E3C956 /* 946ValidateStackSequences.cpp in Sources */ = {isa = PBXBuildFile; fileRef = E4C4530D24C9AC9600E3C956 /* 946ValidateStackSequences.cpp */; };
		E4C4531324C9CDFE00E3C956 /* 224 BasicCalculator.cpp in Sources */ = {isa = PBXBuildFile; fileRef = E4C4531224C9CDFE00E3C956 /* 224 BasicCalculator.cpp */; };
		E4C4531624CA094D00E3C956 /* 150 EvaluateReversePolishNotation.cpp in Sources */ = {isa = PBXBuildFile; fileRef = E4C4531524CA094D00E3C956 /* 150 EvaluateReversePolishNotation.cpp */; };
		E4ECFDB724D1C5060035C59A /* 297 SerializeandDeserializeBinaryTree.cpp in Sources */ = {isa = PBXBuildFile; fileRef = E4ECFDB624D1C5060035C59A /* 297 SerializeandDeserializeBinaryTree.cpp */; };
		E4EF837524BF34F200D42D2C /* 86 PartitionList.cpp in Sources */ = {isa = PBXBuildFile; fileRef = E4EF837424BF34F200D42D2C /* 86 PartitionList.cpp */; };
		E4F027F024D3062D00039E02 /* 343 IntegerBreak.cpp in Sources */ = {isa = PBXBuildFile; fileRef = E4F027EF24D3062D00039E02 /* 343 IntegerBreak.cpp */; };
		E4F0280824D34AB500039E02 /* 20 Valid Parentheses.cpp in Sources */ = {isa = PBXBuildFile; fileRef = E4F0280724D34AB500039E02 /* 20 Valid Parentheses.cpp */; };
		E4F0280C24D3578100039E02 /* 739 DailyTemperatures.cpp in Sources */ = {isa = PBXBuildFile; fileRef = E4F0280B24D3578100039E02 /* 739 DailyTemperatures.cpp */; };
		E4F5471A24CAE1310079E871 /* 622 DesignCircularQueue.cpp in Sources */ = {isa = PBXBuildFile; fileRef = E4F5471924CAE1310079E871 /* 622 DesignCircularQueue.cpp */; };
		E4F5471D24CB137E0079E871 /* 215 KthLargestElementinanArray.cpp in Sources */ = {isa = PBXBuildFile; fileRef = E4F5471C24CB137E0079E871 /* 215 KthLargestElementinanArray.cpp */; };
		E4F5472024CB2EB60079E871 /* 295 FindMedianFromDataStream.cpp in Sources */ = {isa = PBXBuildFile; fileRef = E4F5471F24CB2EB60079E871 /* 295 FindMedianFromDataStream.cpp */; };
		E4F5472324CB379F0079E871 /* 455 AssignCookies.cpp in Sources */ = {isa = PBXBuildFile; fileRef = E4F5472224CB379F0079E871 /* 455 AssignCookies.cpp */; };
/* End PBXBuildFile section */

/* Begin PBXCopyFilesBuildPhase section */
		E45BF77F24B9857D0051A649 /* CopyFiles */ = {
			isa = PBXCopyFilesBuildPhase;
			buildActionMask = 2147483647;
			dstPath = /usr/share/man/man1/;
			dstSubfolderSpec = 0;
			files = (
			);
			runOnlyForDeploymentPostprocessing = 1;
		};
/* End PBXCopyFilesBuildPhase section */

/* Begin PBXFileReference section */
		E40E360424C2BCC8001DC2E2 /* 225 MyStack.cpp */ = {isa = PBXFileReference; lastKnownFileType = sourcecode.cpp.cpp; path = "225 MyStack.cpp"; sourceTree = "<group>"; };
		E40E360824C2E16B001DC2E2 /* 155 MinStack.cpp */ = {isa = PBXFileReference; lastKnownFileType = sourcecode.cpp.cpp; path = "155 MinStack.cpp"; sourceTree = "<group>"; };
		E414D4F824C7187C00DD41F3 /* 445 AddTwoNumbers.cpp */ = {isa = PBXFileReference; lastKnownFileType = sourcecode.cpp.cpp; path = "445 AddTwoNumbers.cpp"; sourceTree = "<group>"; };
		E415BD1624CC96CA003D4899 /* 344 ReverseString.cpp */ = {isa = PBXFileReference; lastKnownFileType = sourcecode.cpp.cpp; path = "344 ReverseString.cpp"; sourceTree = "<group>"; };
		E41948E924DB084F0026B020 /* 98 ValidateBinarySearchTree.cpp */ = {isa = PBXFileReference; lastKnownFileType = sourcecode.cpp.cpp; path = "98 ValidateBinarySearchTree.cpp"; sourceTree = "<group>"; };
		E41948EB24DB19B00026B020 /* 173 Binary Search Tree Iterator.cpp */ = {isa = PBXFileReference; lastKnownFileType = sourcecode.cpp.cpp; path = "173 Binary Search Tree Iterator.cpp"; sourceTree = "<group>"; };
		E41948ED24DB25850026B020 /* 700 Search in a Binary Search Tree.cpp */ = {isa = PBXFileReference; lastKnownFileType = sourcecode.cpp.cpp; path = "700 Search in a Binary Search Tree.cpp"; sourceTree = "<group>"; };
		E41948EF24DB2B150026B020 /* 701 Insert into a Binary Search Tree.cpp */ = {isa = PBXFileReference; lastKnownFileType = sourcecode.cpp.cpp; path = "701 Insert into a Binary Search Tree.cpp"; sourceTree = "<group>"; };
		E41948F124DB30EE0026B020 /* 450 Delete Node in a BST.cpp */ = {isa = PBXFileReference; lastKnownFileType = sourcecode.cpp.cpp; path = "450 Delete Node in a BST.cpp"; sourceTree = "<group>"; };
		E42C8F3224CFE553009979EE /* 107 BinaryTreeLevelOrderTraversalII.cpp */ = {isa = PBXFileReference; lastKnownFileType = sourcecode.cpp.cpp; path = "107 BinaryTreeLevelOrderTraversalII.cpp"; sourceTree = "<group>"; };
		E42C8F3524CFED05009979EE /* 106 ConstructBinaryTreefromInorderandPostorderTraversal.cpp */ = {isa = PBXFileReference; lastKnownFileType = sourcecode.cpp.cpp; path = "106 ConstructBinaryTreefromInorderandPostorderTraversal.cpp"; sourceTree = "<group>"; };
		E42C8F3824D00AC4009979EE /* 105 ConstructBinaryTreefromPreorderandInorderTraversal.cpp */ = {isa = PBXFileReference; lastKnownFileType = sourcecode.cpp.cpp; path = "105 ConstructBinaryTreefromPreorderandInorderTraversal.cpp"; sourceTree = "<group>"; };
		E42C8F3B24D01A22009979EE /* 116 PopulatingNextRightPointersinEachNode.cpp */ = {isa = PBXFileReference; lastKnownFileType = sourcecode.cpp.cpp; path = "116 PopulatingNextRightPointersinEachNode.cpp"; sourceTree = "<group>"; };
		E42C8F3E24D03374009979EE /* 117 PopulatingNextRightPointersinEachNodeII.cpp */ = {isa = PBXFileReference; lastKnownFileType = sourcecode.cpp.cpp; path = "117 PopulatingNextRightPointersinEachNodeII.cpp"; sourceTree = "<group>"; };
		E42C8F4124D05E4D009979EE /* 236 LowestCommonAncestorofaBinaryTree.cpp */ = {isa = PBXFileReference; lastKnownFileType = sourcecode.cpp.cpp; path = "236 LowestCommonAncestorofaBinaryTree.cpp"; sourceTree = "<group>"; };
		E43549E824DDF6A600CC606A /* 703 Kth Largest Element in a Stream.cpp */ = {isa = PBXFileReference; lastKnownFileType = sourcecode.cpp.cpp; path = "703 Kth Largest Element in a Stream.cpp"; sourceTree = "<group>"; };
		E43549FD24DE578B00CC606A /* 235 Lowest Common Ancestor of a Binary Search Tree.cpp */ = {isa = PBXFileReference; lastKnownFileType = sourcecode.cpp.cpp; path = "235 Lowest Common Ancestor of a Binary Search Tree.cpp"; sourceTree = "<group>"; };
		E43549FF24E00E8E00CC606A /* 220 Contains Duplicate III.cpp */ = {isa = PBXFileReference; lastKnownFileType = sourcecode.cpp.cpp; path = "220 Contains Duplicate III.cpp"; sourceTree = "<group>"; };
		E4354A0124E047EA00CC606A /* 110 Balanced Binary Tree.cpp */ = {isa = PBXFileReference; lastKnownFileType = sourcecode.cpp.cpp; path = "110 Balanced Binary Tree.cpp"; sourceTree = "<group>"; };
		E4354A0324E0553200CC606A /* 108 Convert Sorted Array to Binary Search Tree.cpp */ = {isa = PBXFileReference; lastKnownFileType = sourcecode.cpp.cpp; path = "108 Convert Sorted Array to Binary Search Tree.cpp"; sourceTree = "<group>"; };
		E44664E824C0EF360008DCEE /* 83 RemoveDuplicatesfromSortedList.cpp */ = {isa = PBXFileReference; lastKnownFileType = sourcecode.cpp.cpp; path = "83 RemoveDuplicatesfromSortedList.cpp"; sourceTree = "<group>"; };
		E44664EE24C20CAB0008DCEE /* 232 MyQueue.cpp */ = {isa = PBXFileReference; lastKnownFileType = sourcecode.cpp.cpp; path = "232 MyQueue.cpp"; sourceTree = "<group>"; };
		E4502FBC24D43AFB002A0AD4 /* 394 DecodeString.cpp */ = {isa = PBXFileReference; lastKnownFileType = sourcecode.cpp.cpp; path = "394 DecodeString.cpp"; sourceTree = "<group>"; };
		E45322A124CD0C9800067CC4 /* 144 BinaryTreePreorderTraversal.cpp */ = {isa = PBXFileReference; lastKnownFileType = sourcecode.cpp.cpp; path = "144 BinaryTreePreorderTraversal.cpp"; sourceTree = "<group>"; };
		E45322A424CD0D2E00067CC4 /* TreeNode.h */ = {isa = PBXFileReference; lastKnownFileType = sourcecode.c.h; path = TreeNode.h; sourceTree = "<group>"; };
		E45322A624CD1BB400067CC4 /* 94 BinaryTreeInorderTraversal.cpp */ = {isa = PBXFileReference; lastKnownFileType = sourcecode.cpp.cpp; path = "94 BinaryTreeInorderTraversal.cpp"; sourceTree = "<group>"; };
		E45322A924CD201F00067CC4 /* 145 BinaryTreePostorderTraversal.cpp */ = {isa = PBXFileReference; lastKnownFileType = sourcecode.cpp.cpp; path = "145 BinaryTreePostorderTraversal.cpp"; sourceTree = "<group>"; };
		E45322AC24CD619800067CC4 /* 102 BinaryTreeLevelOrderTraversal.cpp */ = {isa = PBXFileReference; lastKnownFileType = sourcecode.cpp.cpp; path = "102 BinaryTreeLevelOrderTraversal.cpp"; sourceTree = "<group>"; };
		E45322AF24CE011E00067CC4 /* 104 MaximumDepthofBinaryTree.cpp */ = {isa = PBXFileReference; lastKnownFileType = sourcecode.cpp.cpp; path = "104 MaximumDepthofBinaryTree.cpp"; sourceTree = "<group>"; };
		E45322B224CE116700067CC4 /* 111 MinimumDepthofBinaryTree.cpp */ = {isa = PBXFileReference; lastKnownFileType = sourcecode.cpp.cpp; path = "111 MinimumDepthofBinaryTree.cpp"; sourceTree = "<group>"; };
		E45322B524CEC35500067CC4 /* 101 SymmetricTree.cpp */ = {isa = PBXFileReference; lastKnownFileType = sourcecode.cpp.cpp; path = "101 SymmetricTree.cpp"; sourceTree = "<group>"; };
		E45322B824CED49300067CC4 /* 112 PathSum.cpp */ = {isa = PBXFileReference; lastKnownFileType = sourcecode.cpp.cpp; path = "112 PathSum.cpp"; sourceTree = "<group>"; };
		E4553CD024BEDD41002A69D3 /* 430 FlattenaMultilevelDoublyLinkedList.cpp */ = {isa = PBXFileReference; lastKnownFileType = sourcecode.cpp.cpp; path = "430 FlattenaMultilevelDoublyLinkedList.cpp"; sourceTree = "<group>"; };
		E4553CD324BEFD62002A69D3 /* 138 CopyListwithRandomPointer.cpp */ = {isa = PBXFileReference; lastKnownFileType = sourcecode.cpp.cpp; path = "138 CopyListwithRandomPointer.cpp"; sourceTree = "<group>"; };
		E45BF78124B9857D0051A649 /* Leetcode */ = {isa = PBXFileReference; explicitFileType = "compiled.mach-o.executable"; includeInIndex = 0; path = Leetcode; sourceTree = BUILT_PRODUCTS_DIR; };
		E45BF78424B9857D0051A649 /* main.cpp */ = {isa = PBXFileReference; lastKnownFileType = sourcecode.cpp.cpp; path = main.cpp; sourceTree = "<group>"; };
		E45BF78C24B985C50051A649 /* 206 ReverseLinkedList.cpp */ = {isa = PBXFileReference; lastKnownFileType = sourcecode.cpp.cpp; path = "206 ReverseLinkedList.cpp"; sourceTree = "<group>"; };
		E45BF79024B9903E0051A649 /* 92 Reverse Linked List II.cpp */ = {isa = PBXFileReference; lastKnownFileType = sourcecode.cpp.cpp; path = "92 Reverse Linked List II.cpp"; sourceTree = "<group>"; };
		E45BF79524B9AAC30051A649 /* 160 Intersection of Two Linked Lists.cpp */ = {isa = PBXFileReference; lastKnownFileType = sourcecode.cpp.cpp; path = "160 Intersection of Two Linked Lists.cpp"; sourceTree = "<group>"; };
		E45BF79724B9AB9D0051A649 /* ListNode.h */ = {isa = PBXFileReference; lastKnownFileType = sourcecode.c.h; path = ListNode.h; sourceTree = "<group>"; };
		E45BF7D224BB6DBD0051A649 /* 141 LinkedListCycle.cpp */ = {isa = PBXFileReference; lastKnownFileType = sourcecode.cpp.cpp; path = "141 LinkedListCycle.cpp"; sourceTree = "<group>"; };
		E45BF7D524BB6F600051A649 /* 142 LinkedListCycleII.cpp */ = {isa = PBXFileReference; lastKnownFileType = sourcecode.cpp.cpp; path = "142 LinkedListCycleII.cpp"; sourceTree = "<group>"; };
		E45BF7D824BC52AC0051A649 /* 19 RemoveNthNodeFromEndofList.cpp */ = {isa = PBXFileReference; lastKnownFileType = sourcecode.cpp.cpp; path = "19 RemoveNthNodeFromEndofList.cpp"; sourceTree = "<group>"; };
		E45BF7DB24BC636B0051A649 /* 203 RemoveLinkedListElements.cpp */ = {isa = PBXFileReference; lastKnownFileType = sourcecode.cpp.cpp; path = "203 RemoveLinkedListElements.cpp"; sourceTree = "<group>"; };
		E45BF7DE24BC76A60051A649 /* 328 OddEvenLinkedList.cpp */ = {isa = PBXFileReference; lastKnownFileType = sourcecode.cpp.cpp; path = "328 OddEvenLinkedList.cpp"; sourceTree = "<group>"; };
		E45BF7E124BC84B60051A649 /* 234 PalindromeLinkedList.cpp */ = {isa = PBXFileReference; lastKnownFileType = sourcecode.cpp.cpp; path = "234 PalindromeLinkedList.cpp"; sourceTree = "<group>"; };
		E45BF7E424BC9B040051A649 /* 707 DesignLinkedList.cpp */ = {isa = PBXFileReference; lastKnownFileType = sourcecode.cpp.cpp; path = "707 DesignLinkedList.cpp"; sourceTree = "<group>"; };
		E45BF7E724BD89D30051A649 /* 21 MergeTwoSortedLists.cpp */ = {isa = PBXFileReference; lastKnownFileType = sourcecode.cpp.cpp; path = "21 MergeTwoSortedLists.cpp"; sourceTree = "<group>"; };
		E45BF7EA24BDA0AC0051A649 /* 2 AddTwoNumbers.cpp */ = {isa = PBXFileReference; lastKnownFileType = sourcecode.cpp.cpp; path = "2 AddTwoNumbers.cpp"; sourceTree = "<group>"; };
		E45BF7EC24BDDE0E0051A649 /* 61 RotateList.cpp */ = {isa = PBXFileReference; lastKnownFileType = sourcecode.cpp.cpp; path = "61 RotateList.cpp"; sourceTree = "<group>"; };
		E47F01B324D5461B00D05DD4 /* 118 Pascal'sTriangle.cpp */ = {isa = PBXFileReference; lastKnownFileType = sourcecode.cpp.cpp; path = "118 Pascal'sTriangle.cpp"; sourceTree = "<group>"; };
		E47F01B624D5550E00D05DD4 /* 119 Pascal'sTriangleII.cpp */ = {isa = PBXFileReference; lastKnownFileType = sourcecode.cpp.cpp; path = "119 Pascal'sTriangleII.cpp"; sourceTree = "<group>"; };
		E483231D24D92BC300C427D6 /* 349 IntersectionOfTwoArrays.cpp */ = {isa = PBXFileReference; lastKnownFileType = sourcecode.cpp.cpp; path = "349 IntersectionOfTwoArrays.cpp"; sourceTree = "<group>"; };
		E483232024D92DF700C427D6 /* 1137 N-thTribonacciNumber.cpp */ = {isa = PBXFileReference; lastKnownFileType = sourcecode.cpp.cpp; path = "1137 N-thTribonacciNumber.cpp"; sourceTree = "<group>"; };
		E483232324D9428B00C427D6 /* 350 IntersectionofTwoArraysII.cpp */ = {isa = PBXFileReference; lastKnownFileType = sourcecode.cpp.cpp; path = "350 IntersectionofTwoArraysII.cpp"; sourceTree = "<group>"; };
		E483232624D96A2F00C427D6 /* 167 Two Sum II - Input array is sorted.cpp */ = {isa = PBXFileReference; lastKnownFileType = sourcecode.cpp.cpp; path = "167 Two Sum II - Input array is sorted.cpp"; sourceTree = "<group>"; };
		E483232924D979EB00C427D6 /* 287 Find the Duplicate Number.cpp */ = {isa = PBXFileReference; lastKnownFileType = sourcecode.cpp.cpp; path = "287 Find the Duplicate Number.cpp"; sourceTree = "<group>"; };
		E487532024D8430200319259 /* 367 ValidPerfectSquare.cpp */ = {isa = PBXFileReference; lastKnownFileType = sourcecode.cpp.cpp; path = "367 ValidPerfectSquare.cpp"; sourceTree = "<group>"; };
		E487532324D8585C00319259 /* 744 FindSmallestLetterGreaterThanTarget.cpp */ = {isa = PBXFileReference; lastKnownFileType = sourcecode.cpp.cpp; path = "744 FindSmallestLetterGreaterThanTarget.cpp"; sourceTree = "<group>"; };
		E487532624D8669E00319259 /* 154 FindMinimumInRotatedSortedArrayII.cpp */ = {isa = PBXFileReference; lastKnownFileType = sourcecode.cpp.cpp; path = "154 FindMinimumInRotatedSortedArrayII.cpp"; sourceTree = "<group>"; };
		E49CC5ED24D6AF6600F5DADC /* 704 BinarySearch.cpp */ = {isa = PBXFileReference; lastKnownFileType = sourcecode.cpp.cpp; path = "704 BinarySearch.cpp"; sourceTree = "<group>"; };
		E49CC5F024D6B5F100F5DADC /* 69 Sqrt(x).cpp */ = {isa = PBXFileReference; lastKnownFileType = sourcecode.cpp.cpp; path = "69 Sqrt(x).cpp"; sourceTree = "<group>"; };
		E49CC5F324D6BE2B00F5DADC /* 374 GuessNumberHigherorLower.cpp */ = {isa = PBXFileReference; lastKnownFileType = sourcecode.cpp.cpp; path = "374 GuessNumberHigherorLower.cpp"; sourceTree = "<group>"; };
		E49CC5F624D6C28400F5DADC /* 33 SearchinRotatedSortedArray.cpp */ = {isa = PBXFileReference; lastKnownFileType = sourcecode.cpp.cpp; path = "33 SearchinRotatedSortedArray.cpp"; sourceTree = "<group>"; };
		E49CC5F924D748CD00F5DADC /* 278 FirstBadVersion.cpp */ = {isa = PBXFileReference; lastKnownFileType = sourcecode.cpp.cpp; path = "278 FirstBadVersion.cpp"; sourceTree = "<group>"; };
		E49CC5FC24D7509000F5DADC /* 162 FindPeakElement.cpp */ = {isa = PBXFileReference; lastKnownFileType = sourcecode.cpp.cpp; path = "162 FindPeakElement.cpp"; sourceTree = "<group>"; };
		E49CC5FF24D752B900F5DADC /* 153 FindMinimumInRotatedSortedArray.cpp */ = {isa = PBXFileReference; lastKnownFileType = sourcecode.cpp.cpp; path = "153 FindMinimumInRotatedSortedArray.cpp"; sourceTree = "<group>"; };
		E49CC60224D7FE9300F5DADC /* 34 FindFirstAndLastPositionOfElementInSortedArray.cpp */ = {isa = PBXFileReference; lastKnownFileType = sourcecode.cpp.cpp; path = "34 FindFirstAndLastPositionOfElementInSortedArray.cpp"; sourceTree = "<group>"; };
		E49CC60524D826E300F5DADC /* 658 FindKClosestElements.cpp */ = {isa = PBXFileReference; lastKnownFileType = sourcecode.cpp.cpp; path = "658 FindKClosestElements.cpp"; sourceTree = "<group>"; };
		E4BBEAFE24D57FB900067F1E /* 509 FibonacciNumber.cpp */ = {isa = PBXFileReference; lastKnownFileType = sourcecode.cpp.cpp; path = "509 FibonacciNumber.cpp"; sourceTree = "<group>"; };
		E4BBEB0124D5850500067F1E /* 70 ClimbingStairs.cpp */ = {isa = PBXFileReference; lastKnownFileType = sourcecode.cpp.cpp; path = "70 ClimbingStairs.cpp"; sourceTree = "<group>"; };
		E4BBEB0424D5A5FE00067F1E /* 50 Pow(x, n).cpp */ = {isa = PBXFileReference; lastKnownFileType = sourcecode.cpp.cpp; path = "50 Pow(x, n).cpp"; sourceTree = "<group>"; };
		E4BBEB0724D5BE3F00067F1E /* 779 K-thSymbolInGrammar.cpp */ = {isa = PBXFileReference; lastKnownFileType = sourcecode.cpp.cpp; path = "779 K-thSymbolInGrammar.cpp"; sourceTree = "<group>"; };
		E4C4530924C98B7100E3C956 /* 24 SwapNodesinPairs.cpp */ = {isa = PBXFileReference; lastKnownFileType = sourcecode.cpp.cpp; path = "24 SwapNodesinPairs.cpp"; sourceTree = "<group>"; };
		E4C4530D24C9AC9600E3C956 /* 946ValidateStackSequences.cpp */ = {isa = PBXFileReference; lastKnownFileType = sourcecode.cpp.cpp; path = 946ValidateStackSequences.cpp; sourceTree = "<group>"; };
		E4C4531224C9CDFE00E3C956 /* 224 BasicCalculator.cpp */ = {isa = PBXFileReference; lastKnownFileType = sourcecode.cpp.cpp; path = "224 BasicCalculator.cpp"; sourceTree = "<group>"; };
		E4C4531524CA094D00E3C956 /* 150 EvaluateReversePolishNotation.cpp */ = {isa = PBXFileReference; lastKnownFileType = sourcecode.cpp.cpp; path = "150 EvaluateReversePolishNotation.cpp"; sourceTree = "<group>"; };
		E4ECFDB624D1C5060035C59A /* 297 SerializeandDeserializeBinaryTree.cpp */ = {isa = PBXFileReference; lastKnownFileType = sourcecode.cpp.cpp; path = "297 SerializeandDeserializeBinaryTree.cpp"; sourceTree = "<group>"; };
		E4EF837424BF34F200D42D2C /* 86 PartitionList.cpp */ = {isa = PBXFileReference; lastKnownFileType = sourcecode.cpp.cpp; path = "86 PartitionList.cpp"; sourceTree = "<group>"; };
		E4F027EF24D3062D00039E02 /* 343 IntegerBreak.cpp */ = {isa = PBXFileReference; lastKnownFileType = sourcecode.cpp.cpp; path = "343 IntegerBreak.cpp"; sourceTree = "<group>"; };
		E4F0280724D34AB500039E02 /* 20 Valid Parentheses.cpp */ = {isa = PBXFileReference; lastKnownFileType = sourcecode.cpp.cpp; path = "20 Valid Parentheses.cpp"; sourceTree = "<group>"; };
		E4F0280B24D3578100039E02 /* 739 DailyTemperatures.cpp */ = {isa = PBXFileReference; lastKnownFileType = sourcecode.cpp.cpp; path = "739 DailyTemperatures.cpp"; sourceTree = "<group>"; };
		E4F5471924CAE1310079E871 /* 622 DesignCircularQueue.cpp */ = {isa = PBXFileReference; lastKnownFileType = sourcecode.cpp.cpp; path = "622 DesignCircularQueue.cpp"; sourceTree = "<group>"; };
		E4F5471C24CB137E0079E871 /* 215 KthLargestElementinanArray.cpp */ = {isa = PBXFileReference; lastKnownFileType = sourcecode.cpp.cpp; name = "215 KthLargestElementinanArray.cpp"; path = "heap/215 KthLargestElementinanArray.cpp"; sourceTree = SOURCE_ROOT; };
		E4F5471F24CB2EB60079E871 /* 295 FindMedianFromDataStream.cpp */ = {isa = PBXFileReference; lastKnownFileType = sourcecode.cpp.cpp; path = "295 FindMedianFromDataStream.cpp"; sourceTree = "<group>"; };
		E4F5472224CB379F0079E871 /* 455 AssignCookies.cpp */ = {isa = PBXFileReference; lastKnownFileType = sourcecode.cpp.cpp; path = "455 AssignCookies.cpp"; sourceTree = "<group>"; };
/* End PBXFileReference section */

/* Begin PBXFrameworksBuildPhase section */
		E45BF77E24B9857D0051A649 /* Frameworks */ = {
			isa = PBXFrameworksBuildPhase;
			buildActionMask = 2147483647;
			files = (
			);
			runOnlyForDeploymentPostprocessing = 0;
		};
/* End PBXFrameworksBuildPhase section */

/* Begin PBXGroup section */
		E40E360624C2E0C1001DC2E2 /* stack and queue */ = {
			isa = PBXGroup;
			children = (
				E4F0280724D34AB500039E02 /* 20 Valid Parentheses.cpp */,
				E4C4531524CA094D00E3C956 /* 150 EvaluateReversePolishNotation.cpp */,
				E40E360824C2E16B001DC2E2 /* 155 MinStack.cpp */,
				E44664EE24C20CAB0008DCEE /* 232 MyQueue.cpp */,
				E4C4531224C9CDFE00E3C956 /* 224 BasicCalculator.cpp */,
				E40E360424C2BCC8001DC2E2 /* 225 MyStack.cpp */,
				E4502FBC24D43AFB002A0AD4 /* 394 DecodeString.cpp */,
				E4F5471924CAE1310079E871 /* 622 DesignCircularQueue.cpp */,
				E4F0280B24D3578100039E02 /* 739 DailyTemperatures.cpp */,
				E4C4530D24C9AC9600E3C956 /* 946ValidateStackSequences.cpp */,
			);
			path = "stack and queue";
			sourceTree = "<group>";
		};
		E41948E824DB018D0026B020 /* binary search tree */ = {
			isa = PBXGroup;
			children = (
				E41948E924DB084F0026B020 /* 98 ValidateBinarySearchTree.cpp */,
				E4354A0124E047EA00CC606A /* 110 Balanced Binary Tree.cpp */,
				E41948EB24DB19B00026B020 /* 173 Binary Search Tree Iterator.cpp */,
				E4354A0324E0553200CC606A /* 108 Convert Sorted Array to Binary Search Tree.cpp */,
				E43549FF24E00E8E00CC606A /* 220 Contains Duplicate III.cpp */,
				E43549FD24DE578B00CC606A /* 235 Lowest Common Ancestor of a Binary Search Tree.cpp */,
				E41948F124DB30EE0026B020 /* 450 Delete Node in a BST.cpp */,
				E41948ED24DB25850026B020 /* 700 Search in a Binary Search Tree.cpp */,
				E41948EF24DB2B150026B020 /* 701 Insert into a Binary Search Tree.cpp */,
				E43549E824DDF6A600CC606A /* 703 Kth Largest Element in a Stream.cpp */,
			);
			path = "binary search tree";
			sourceTree = "<group>";
		};
		E4354A0524E14EEF00CC606A /* hash table */ = {
			isa = PBXGroup;
			children = (
			);
			path = "hash table";
			sourceTree = "<group>";
		};
		E45322A024CD0C4A00067CC4 /* tree */ = {
			isa = PBXGroup;
			children = (
				E45322A424CD0D2E00067CC4 /* TreeNode.h */,
				E45322A624CD1BB400067CC4 /* 94 BinaryTreeInorderTraversal.cpp */,
				E45322B524CEC35500067CC4 /* 101 SymmetricTree.cpp */,
				E45322AC24CD619800067CC4 /* 102 BinaryTreeLevelOrderTraversal.cpp */,
				E45322AF24CE011E00067CC4 /* 104 MaximumDepthofBinaryTree.cpp */,
				E42C8F3824D00AC4009979EE /* 105 ConstructBinaryTreefromPreorderandInorderTraversal.cpp */,
				E42C8F3524CFED05009979EE /* 106 ConstructBinaryTreefromInorderandPostorderTraversal.cpp */,
				E42C8F3224CFE553009979EE /* 107 BinaryTreeLevelOrderTraversalII.cpp */,
				E45322B224CE116700067CC4 /* 111 MinimumDepthofBinaryTree.cpp */,
				E45322B824CED49300067CC4 /* 112 PathSum.cpp */,
				E42C8F3B24D01A22009979EE /* 116 PopulatingNextRightPointersinEachNode.cpp */,
				E42C8F3E24D03374009979EE /* 117 PopulatingNextRightPointersinEachNodeII.cpp */,
				E45322A124CD0C9800067CC4 /* 144 BinaryTreePreorderTraversal.cpp */,
				E45322A924CD201F00067CC4 /* 145 BinaryTreePostorderTraversal.cpp */,
				E42C8F4124D05E4D009979EE /* 236 LowestCommonAncestorofaBinaryTree.cpp */,
				E4ECFDB624D1C5060035C59A /* 297 SerializeandDeserializeBinaryTree.cpp */,
			);
			path = tree;
			sourceTree = "<group>";
		};
		E45BF77824B9857D0051A649 = {
			isa = PBXGroup;
			children = (
				E4354A0524E14EEF00CC606A /* hash table */,
				E41948E824DB018D0026B020 /* binary search tree */,
				E49CC5EB24D6AF2300F5DADC /* binary search */,
				E4F027EE24D3059300039E02 /* dynamic programming */,
				E45322A024CD0C4A00067CC4 /* tree */,
				E4EE5EB124CC299A00C6F04E /* recursion */,
				E45BF79324B9912B0051A649 /* list */,
				E40E360624C2E0C1001DC2E2 /* stack and queue */,
				E4C4530B24C99F2B00E3C956 /* heap */,
				E4C4531024C9B57F00E3C956 /* greedy */,
				E45BF78324B9857D0051A649 /* Leetcode */,
				E45BF78224B9857D0051A649 /* Products */,
			);
			sourceTree = "<group>";
		};
		E45BF78224B9857D0051A649 /* Products */ = {
			isa = PBXGroup;
			children = (
				E45BF78124B9857D0051A649 /* Leetcode */,
			);
			name = Products;
			sourceTree = "<group>";
		};
		E45BF78324B9857D0051A649 /* Leetcode */ = {
			isa = PBXGroup;
			children = (
				E45BF78424B9857D0051A649 /* main.cpp */,
			);
			path = Leetcode;
			sourceTree = "<group>";
		};
		E45BF79324B9912B0051A649 /* list */ = {
			isa = PBXGroup;
			children = (
				E45BF79724B9AB9D0051A649 /* ListNode.h */,
				E45BF7EA24BDA0AC0051A649 /* 2 AddTwoNumbers.cpp */,
				E45BF7D824BC52AC0051A649 /* 19 RemoveNthNodeFromEndofList.cpp */,
				E45BF7E724BD89D30051A649 /* 21 MergeTwoSortedLists.cpp */,
				E4C4530924C98B7100E3C956 /* 24 SwapNodesinPairs.cpp */,
				E45BF7EC24BDDE0E0051A649 /* 61 RotateList.cpp */,
				E44664E824C0EF360008DCEE /* 83 RemoveDuplicatesfromSortedList.cpp */,
				E4EF837424BF34F200D42D2C /* 86 PartitionList.cpp */,
				E45BF79024B9903E0051A649 /* 92 Reverse Linked List II.cpp */,
				E4553CD324BEFD62002A69D3 /* 138 CopyListwithRandomPointer.cpp */,
				E45BF7D224BB6DBD0051A649 /* 141 LinkedListCycle.cpp */,
				E45BF7D524BB6F600051A649 /* 142 LinkedListCycleII.cpp */,
				E45BF79524B9AAC30051A649 /* 160 Intersection of Two Linked Lists.cpp */,
				E45BF7DB24BC636B0051A649 /* 203 RemoveLinkedListElements.cpp */,
				E45BF78C24B985C50051A649 /* 206 ReverseLinkedList.cpp */,
				E45BF7E124BC84B60051A649 /* 234 PalindromeLinkedList.cpp */,
				E45BF7DE24BC76A60051A649 /* 328 OddEvenLinkedList.cpp */,
				E4553CD024BEDD41002A69D3 /* 430 FlattenaMultilevelDoublyLinkedList.cpp */,
				E414D4F824C7187C00DD41F3 /* 445 AddTwoNumbers.cpp */,
				E45BF7E424BC9B040051A649 /* 707 DesignLinkedList.cpp */,
			);
			path = list;
			sourceTree = "<group>";
		};
		E49CC5EB24D6AF2300F5DADC /* binary search */ = {
			isa = PBXGroup;
			children = (
				E49CC5F624D6C28400F5DADC /* 33 SearchinRotatedSortedArray.cpp */,
				E49CC60224D7FE9300F5DADC /* 34 FindFirstAndLastPositionOfElementInSortedArray.cpp */,
				E49CC5F024D6B5F100F5DADC /* 69 Sqrt(x).cpp */,
				E49CC5FF24D752B900F5DADC /* 153 FindMinimumInRotatedSortedArray.cpp */,
				E487532624D8669E00319259 /* 154 FindMinimumInRotatedSortedArrayII.cpp */,
				E49CC5FC24D7509000F5DADC /* 162 FindPeakElement.cpp */,
				E483232624D96A2F00C427D6 /* 167 Two Sum II - Input array is sorted.cpp */,
				E49CC5F924D748CD00F5DADC /* 278 FirstBadVersion.cpp */,
				E483232924D979EB00C427D6 /* 287 Find the Duplicate Number.cpp */,
				E483231D24D92BC300C427D6 /* 349 IntersectionOfTwoArrays.cpp */,
				E483232324D9428B00C427D6 /* 350 IntersectionofTwoArraysII.cpp */,
				E487532024D8430200319259 /* 367 ValidPerfectSquare.cpp */,
				E49CC5F324D6BE2B00F5DADC /* 374 GuessNumberHigherorLower.cpp */,
				E49CC60524D826E300F5DADC /* 658 FindKClosestElements.cpp */,
				E49CC5ED24D6AF6600F5DADC /* 704 BinarySearch.cpp */,
				E487532324D8585C00319259 /* 744 FindSmallestLetterGreaterThanTarget.cpp */,
			);
			path = "binary search";
			sourceTree = "<group>";
		};
		E4C4530B24C99F2B00E3C956 /* heap */ = {
			isa = PBXGroup;
			children = (
				E4F5471C24CB137E0079E871 /* 215 KthLargestElementinanArray.cpp */,
				E4F5471F24CB2EB60079E871 /* 295 FindMedianFromDataStream.cpp */,
			);
			path = heap;
			sourceTree = "<group>";
		};
		E4C4531024C9B57F00E3C956 /* greedy */ = {
			isa = PBXGroup;
			children = (
				E4F5472224CB379F0079E871 /* 455 AssignCookies.cpp */,
			);
			path = greedy;
			sourceTree = "<group>";
		};
		E4EE5EB124CC299A00C6F04E /* recursion */ = {
			isa = PBXGroup;
			children = (
				E4BBEB0424D5A5FE00067F1E /* 50 Pow(x, n).cpp */,
				E4BBEB0124D5850500067F1E /* 70 ClimbingStairs.cpp */,
				E47F01B324D5461B00D05DD4 /* 118 Pascal'sTriangle.cpp */,
				E47F01B624D5550E00D05DD4 /* 119 Pascal'sTriangleII.cpp */,
				E415BD1624CC96CA003D4899 /* 344 ReverseString.cpp */,
				E4BBEAFE24D57FB900067F1E /* 509 FibonacciNumber.cpp */,
				E4BBEB0724D5BE3F00067F1E /* 779 K-thSymbolInGrammar.cpp */,
				E483232024D92DF700C427D6 /* 1137 N-thTribonacciNumber.cpp */,
			);
			path = recursion;
			sourceTree = "<group>";
		};
		E4F027EE24D3059300039E02 /* dynamic programming */ = {
			isa = PBXGroup;
			children = (
				E4F027EF24D3062D00039E02 /* 343 IntegerBreak.cpp */,
			);
			path = "dynamic programming";
			sourceTree = "<group>";
		};
/* End PBXGroup section */

/* Begin PBXNativeTarget section */
		E45BF78024B9857D0051A649 /* Leetcode */ = {
			isa = PBXNativeTarget;
			buildConfigurationList = E45BF78824B9857D0051A649 /* Build configuration list for PBXNativeTarget "Leetcode" */;
			buildPhases = (
				E45BF77D24B9857D0051A649 /* Sources */,
				E45BF77E24B9857D0051A649 /* Frameworks */,
				E45BF77F24B9857D0051A649 /* CopyFiles */,
			);
			buildRules = (
			);
			dependencies = (
			);
			name = Leetcode;
			productName = Leetcode;
			productReference = E45BF78124B9857D0051A649 /* Leetcode */;
			productType = "com.apple.product-type.tool";
		};
/* End PBXNativeTarget section */

/* Begin PBXProject section */
		E45BF77924B9857D0051A649 /* Project object */ = {
			isa = PBXProject;
			attributes = {
				LastUpgradeCheck = 1160;
				ORGANIZATIONNAME = Quinn;
				TargetAttributes = {
					E45BF78024B9857D0051A649 = {
						CreatedOnToolsVersion = 11.5;
					};
				};
			};
			buildConfigurationList = E45BF77C24B9857D0051A649 /* Build configuration list for PBXProject "Leetcode" */;
			compatibilityVersion = "Xcode 9.3";
			developmentRegion = en;
			hasScannedForEncodings = 0;
			knownRegions = (
				en,
				Base,
			);
			mainGroup = E45BF77824B9857D0051A649;
			productRefGroup = E45BF78224B9857D0051A649 /* Products */;
			projectDirPath = "";
			projectRoot = "";
			targets = (
				E45BF78024B9857D0051A649 /* Leetcode */,
			);
		};
/* End PBXProject section */

/* Begin PBXSourcesBuildPhase section */
		E45BF77D24B9857D0051A649 /* Sources */ = {
			isa = PBXSourcesBuildPhase;
			buildActionMask = 2147483647;
			files = (
				E45BF78524B9857D0051A649 /* main.cpp in Sources */,
				E45BF7D624BB6F600051A649 /* 142 LinkedListCycleII.cpp in Sources */,
				E4F027F024D3062D00039E02 /* 343 IntegerBreak.cpp in Sources */,
				E487532724D8669E00319259 /* 154 FindMinimumInRotatedSortedArrayII.cpp in Sources */,
				E4F5472324CB379F0079E871 /* 455 AssignCookies.cpp in Sources */,
				E44664EF24C20CAB0008DCEE /* 232 MyQueue.cpp in Sources */,
				E45BF7ED24BDDE0E0051A649 /* 61 RotateList.cpp in Sources */,
				E40E360524C2BCC8001DC2E2 /* 225 MyStack.cpp in Sources */,
				E4553CD424BEFD62002A69D3 /* 138 CopyListwithRandomPointer.cpp in Sources */,
				E483232724D96A2F00C427D6 /* 167 Two Sum II - Input array is sorted.cpp in Sources */,
				E4ECFDB724D1C5060035C59A /* 297 SerializeandDeserializeBinaryTree.cpp in Sources */,
				E4BBEAFF24D57FB900067F1E /* 509 FibonacciNumber.cpp in Sources */,
				E49CC60024D752B900F5DADC /* 153 FindMinimumInRotatedSortedArray.cpp in Sources */,
				E47F01B424D5461B00D05DD4 /* 118 Pascal'sTriangle.cpp in Sources */,
				E4C4531624CA094D00E3C956 /* 150 EvaluateReversePolishNotation.cpp in Sources */,
				E41948EE24DB25850026B020 /* 700 Search in a Binary Search Tree.cpp in Sources */,
				E45BF7E824BD89D30051A649 /* 21 MergeTwoSortedLists.cpp in Sources */,
				E49CC60324D7FE9300F5DADC /* 34 FindFirstAndLastPositionOfElementInSortedArray.cpp in Sources */,
				E4C4530E24C9AC9600E3C956 /* 946ValidateStackSequences.cpp in Sources */,
				E41948EC24DB19B00026B020 /* 173 Binary Search Tree Iterator.cpp in Sources */,
				E45322B324CE116700067CC4 /* 111 MinimumDepthofBinaryTree.cpp in Sources */,
				E45322A724CD1BB400067CC4 /* 94 BinaryTreeInorderTraversal.cpp in Sources */,
				E4C4530A24C98B7100E3C956 /* 24 SwapNodesinPairs.cpp in Sources */,
				E45322AA24CD201F00067CC4 /* 145 BinaryTreePostorderTraversal.cpp in Sources */,
				E4354A0224E047EA00CC606A /* 110 Balanced Binary Tree.cpp in Sources */,
				E43549FE24DE578B00CC606A /* 235 Lowest Common Ancestor of a Binary Search Tree.cpp in Sources */,
				E49CC5FD24D7509000F5DADC /* 162 FindPeakElement.cpp in Sources */,
				E4502FBD24D43AFB002A0AD4 /* 394 DecodeString.cpp in Sources */,
				E4F5471A24CAE1310079E871 /* 622 DesignCircularQueue.cpp in Sources */,
				E4F5472024CB2EB60079E871 /* 295 FindMedianFromDataStream.cpp in Sources */,
				E4354A0024E00E8E00CC606A /* 220 Contains Duplicate III.cpp in Sources */,
				E45BF7DF24BC76A60051A649 /* 328 OddEvenLinkedList.cpp in Sources */,
				E49CC5EE24D6AF6600F5DADC /* 704 BinarySearch.cpp in Sources */,
				E4C4531324C9CDFE00E3C956 /* 224 BasicCalculator.cpp in Sources */,
				E45BF7D424BB6DBD0051A649 /* 141 LinkedListCycle.cpp in Sources */,
				E4354A0424E0553200CC606A /* 108 Convert Sorted Array to Binary Search Tree.cpp in Sources */,
				E4BBEB0224D5850500067F1E /* 70 ClimbingStairs.cpp in Sources */,
				E42C8F4224D05E4D009979EE /* 236 LowestCommonAncestorofaBinaryTree.cpp in Sources */,
				E49CC5F124D6B5F100F5DADC /* 69 Sqrt(x).cpp in Sources */,
				E487532424D8585C00319259 /* 744 FindSmallestLetterGreaterThanTarget.cpp in Sources */,
				E42C8F3324CFE553009979EE /* 107 BinaryTreeLevelOrderTraversalII.cpp in Sources */,
				E42C8F3924D00AC4009979EE /* 105 ConstructBinaryTreefromPreorderandInorderTraversal.cpp in Sources */,
				E483232124D92DF700C427D6 /* 1137 N-thTribonacciNumber.cpp in Sources */,
				E4F0280824D34AB500039E02 /* 20 Valid Parentheses.cpp in Sources */,
				E49CC5F724D6C28400F5DADC /* 33 SearchinRotatedSortedArray.cpp in Sources */,
				E45BF7DC24BC636B0051A649 /* 203 RemoveLinkedListElements.cpp in Sources */,
				E45322AD24CD619800067CC4 /* 102 BinaryTreeLevelOrderTraversal.cpp in Sources */,
				E45BF79624B9AAC30051A649 /* 160 Intersection of Two Linked Lists.cpp in Sources */,
				E42C8F3F24D03374009979EE /* 117 PopulatingNextRightPointersinEachNodeII.cpp in Sources */,
				E487532124D8430200319259 /* 367 ValidPerfectSquare.cpp in Sources */,
				E4EF837524BF34F200D42D2C /* 86 PartitionList.cpp in Sources */,
				E49CC5F424D6BE2B00F5DADC /* 374 GuessNumberHigherorLower.cpp in Sources */,
				E45BF78E24B985C50051A649 /* 206 ReverseLinkedList.cpp in Sources */,
				E483232A24D979EB00C427D6 /* 287 Find the Duplicate Number.cpp in Sources */,
				E414D4F924C7187C00DD41F3 /* 445 AddTwoNumbers.cpp in Sources */,
				E45BF7E224BC84B60051A649 /* 234 PalindromeLinkedList.cpp in Sources */,
				E49CC5FA24D748CD00F5DADC /* 278 FirstBadVersion.cpp in Sources */,
				E44664E924C0EF360008DCEE /* 83 RemoveDuplicatesfromSortedList.cpp in Sources */,
				E45322B024CE011E00067CC4 /* 104 MaximumDepthofBinaryTree.cpp in Sources */,
				E49CC60624D826E300F5DADC /* 658 FindKClosestElements.cpp in Sources */,
				E43549E924DDF6A600CC606A /* 703 Kth Largest Element in a Stream.cpp in Sources */,
				E45BF7D924BC52AC0051A649 /* 19 RemoveNthNodeFromEndofList.cpp in Sources */,
				E45BF7EB24BDA0AC0051A649 /* 2 AddTwoNumbers.cpp in Sources */,
				E45BF7E524BC9B040051A649 /* 707 DesignLinkedList.cpp in Sources */,
				E40E360924C2E16B001DC2E2 /* 155 MinStack.cpp in Sources */,
				E45BF79224B9903E0051A649 /* 92 Reverse Linked List II.cpp in Sources */,
				E483231E24D92BC300C427D6 /* 349 IntersectionOfTwoArrays.cpp in Sources */,
				E41948F024DB2B150026B020 /* 701 Insert into a Binary Search Tree.cpp in Sources */,
				E45322A224CD0C9800067CC4 /* 144 BinaryTreePreorderTraversal.cpp in Sources */,
				E41948F224DB30EE0026B020 /* 450 Delete Node in a BST.cpp in Sources */,
				E483232424D9428B00C427D6 /* 350 IntersectionofTwoArraysII.cpp in Sources */,
				E415BD1724CC96CA003D4899 /* 344 ReverseString.cpp in Sources */,
				E42C8F3624CFED05009979EE /* 106 ConstructBinaryTreefromInorderandPostorderTraversal.cpp in Sources */,
				E47F01B724D5550E00D05DD4 /* 119 Pascal'sTriangleII.cpp in Sources */,
				E4BBEB0824D5BE3F00067F1E /* 779 K-thSymbolInGrammar.cpp in Sources */,
				E41948EA24DB084F0026B020 /* 98 ValidateBinarySearchTree.cpp in Sources */,
				E4BBEB0524D5A5FE00067F1E /* 50 Pow(x, n).cpp in Sources */,
				E4553CD124BEDD41002A69D3 /* 430 FlattenaMultilevelDoublyLinkedList.cpp in Sources */,
				E4F5471D24CB137E0079E871 /* 215 KthLargestElementinanArray.cpp in Sources */,
				E42C8F3C24D01A22009979EE /* 116 PopulatingNextRightPointersinEachNode.cpp in Sources */,
				E4F0280C24D3578100039E02 /* 739 DailyTemperatures.cpp in Sources */,
				E45322B924CED49300067CC4 /* 112 PathSum.cpp in Sources */,
				E45322B624CEC35500067CC4 /* 101 SymmetricTree.cpp in Sources */,
			);
			runOnlyForDeploymentPostprocessing = 0;
		};
/* End PBXSourcesBuildPhase section */

/* Begin XCBuildConfiguration section */
		E45BF78624B9857D0051A649 /* Debug */ = {
			isa = XCBuildConfiguration;
			buildSettings = {
				ALWAYS_SEARCH_USER_PATHS = NO;
				CLANG_ANALYZER_NONNULL = YES;
				CLANG_ANALYZER_NUMBER_OBJECT_CONVERSION = YES_AGGRESSIVE;
				CLANG_CXX_LANGUAGE_STANDARD = "gnu++0x";
				CLANG_CXX_LIBRARY = "libc++";
				CLANG_ENABLE_MODULES = YES;
				CLANG_ENABLE_OBJC_ARC = YES;
				CLANG_ENABLE_OBJC_WEAK = YES;
				CLANG_WARN_BLOCK_CAPTURE_AUTORELEASING = YES;
				CLANG_WARN_BOOL_CONVERSION = YES;
				CLANG_WARN_COMMA = YES;
				CLANG_WARN_CONSTANT_CONVERSION = YES;
				CLANG_WARN_DEPRECATED_OBJC_IMPLEMENTATIONS = YES;
				CLANG_WARN_DIRECT_OBJC_ISA_USAGE = YES_ERROR;
				CLANG_WARN_DOCUMENTATION_COMMENTS = YES;
				CLANG_WARN_EMPTY_BODY = YES;
				CLANG_WARN_ENUM_CONVERSION = YES;
				CLANG_WARN_INFINITE_RECURSION = YES;
				CLANG_WARN_INT_CONVERSION = YES;
				CLANG_WARN_NON_LITERAL_NULL_CONVERSION = YES;
				CLANG_WARN_OBJC_IMPLICIT_RETAIN_SELF = YES;
				CLANG_WARN_OBJC_LITERAL_CONVERSION = YES;
				CLANG_WARN_OBJC_ROOT_CLASS = YES_ERROR;
				CLANG_WARN_RANGE_LOOP_ANALYSIS = YES;
				CLANG_WARN_STRICT_PROTOTYPES = YES;
				CLANG_WARN_SUSPICIOUS_MOVE = YES;
				CLANG_WARN_UNGUARDED_AVAILABILITY = YES_AGGRESSIVE;
				CLANG_WARN_UNREACHABLE_CODE = YES;
				CLANG_WARN__DUPLICATE_METHOD_MATCH = YES;
				COPY_PHASE_STRIP = NO;
				DEBUG_INFORMATION_FORMAT = dwarf;
				ENABLE_STRICT_OBJC_MSGSEND = YES;
				ENABLE_TESTABILITY = YES;
				GCC_C_LANGUAGE_STANDARD = gnu11;
				GCC_DYNAMIC_NO_PIC = NO;
				GCC_NO_COMMON_BLOCKS = YES;
				GCC_OPTIMIZATION_LEVEL = 0;
				GCC_PREPROCESSOR_DEFINITIONS = (
					"DEBUG=1",
					"$(inherited)",
				);
				GCC_WARN_64_TO_32_BIT_CONVERSION = YES;
				GCC_WARN_ABOUT_RETURN_TYPE = YES_ERROR;
				GCC_WARN_UNDECLARED_SELECTOR = YES;
				GCC_WARN_UNINITIALIZED_AUTOS = YES_AGGRESSIVE;
				GCC_WARN_UNUSED_FUNCTION = YES;
				GCC_WARN_UNUSED_VARIABLE = YES;
				MACOSX_DEPLOYMENT_TARGET = 10.9;
				MTL_ENABLE_DEBUG_INFO = INCLUDE_SOURCE;
				MTL_FAST_MATH = YES;
				ONLY_ACTIVE_ARCH = YES;
				SDKROOT = macosx;
			};
			name = Debug;
		};
		E45BF78724B9857D0051A649 /* Release */ = {
			isa = XCBuildConfiguration;
			buildSettings = {
				ALWAYS_SEARCH_USER_PATHS = NO;
				CLANG_ANALYZER_NONNULL = YES;
				CLANG_ANALYZER_NUMBER_OBJECT_CONVERSION = YES_AGGRESSIVE;
				CLANG_CXX_LANGUAGE_STANDARD = "gnu++0x";
				CLANG_CXX_LIBRARY = "libc++";
				CLANG_ENABLE_MODULES = YES;
				CLANG_ENABLE_OBJC_ARC = YES;
				CLANG_ENABLE_OBJC_WEAK = YES;
				CLANG_WARN_BLOCK_CAPTURE_AUTORELEASING = YES;
				CLANG_WARN_BOOL_CONVERSION = YES;
				CLANG_WARN_COMMA = YES;
				CLANG_WARN_CONSTANT_CONVERSION = YES;
				CLANG_WARN_DEPRECATED_OBJC_IMPLEMENTATIONS = YES;
				CLANG_WARN_DIRECT_OBJC_ISA_USAGE = YES_ERROR;
				CLANG_WARN_DOCUMENTATION_COMMENTS = YES;
				CLANG_WARN_EMPTY_BODY = YES;
				CLANG_WARN_ENUM_CONVERSION = YES;
				CLANG_WARN_INFINITE_RECURSION = YES;
				CLANG_WARN_INT_CONVERSION = YES;
				CLANG_WARN_NON_LITERAL_NULL_CONVERSION = YES;
				CLANG_WARN_OBJC_IMPLICIT_RETAIN_SELF = YES;
				CLANG_WARN_OBJC_LITERAL_CONVERSION = YES;
				CLANG_WARN_OBJC_ROOT_CLASS = YES_ERROR;
				CLANG_WARN_RANGE_LOOP_ANALYSIS = YES;
				CLANG_WARN_STRICT_PROTOTYPES = YES;
				CLANG_WARN_SUSPICIOUS_MOVE = YES;
				CLANG_WARN_UNGUARDED_AVAILABILITY = YES_AGGRESSIVE;
				CLANG_WARN_UNREACHABLE_CODE = YES;
				CLANG_WARN__DUPLICATE_METHOD_MATCH = YES;
				COPY_PHASE_STRIP = NO;
				DEBUG_INFORMATION_FORMAT = "dwarf-with-dsym";
				ENABLE_NS_ASSERTIONS = NO;
				ENABLE_STRICT_OBJC_MSGSEND = YES;
				GCC_C_LANGUAGE_STANDARD = gnu11;
				GCC_NO_COMMON_BLOCKS = YES;
				GCC_WARN_64_TO_32_BIT_CONVERSION = YES;
				GCC_WARN_ABOUT_RETURN_TYPE = YES_ERROR;
				GCC_WARN_UNDECLARED_SELECTOR = YES;
				GCC_WARN_UNINITIALIZED_AUTOS = YES_AGGRESSIVE;
				GCC_WARN_UNUSED_FUNCTION = YES;
				GCC_WARN_UNUSED_VARIABLE = YES;
				MACOSX_DEPLOYMENT_TARGET = 10.9;
				MTL_ENABLE_DEBUG_INFO = NO;
				MTL_FAST_MATH = YES;
				SDKROOT = macosx;
			};
			name = Release;
		};
		E45BF78924B9857D0051A649 /* Debug */ = {
			isa = XCBuildConfiguration;
			buildSettings = {
				CODE_SIGN_IDENTITY = "-";
				CODE_SIGN_STYLE = Automatic;
				PRODUCT_NAME = "$(TARGET_NAME)";
			};
			name = Debug;
		};
		E45BF78A24B9857D0051A649 /* Release */ = {
			isa = XCBuildConfiguration;
			buildSettings = {
				CODE_SIGN_IDENTITY = "-";
				CODE_SIGN_STYLE = Automatic;
				PRODUCT_NAME = "$(TARGET_NAME)";
			};
			name = Release;
		};
/* End XCBuildConfiguration section */

/* Begin XCConfigurationList section */
		E45BF77C24B9857D0051A649 /* Build configuration list for PBXProject "Leetcode" */ = {
			isa = XCConfigurationList;
			buildConfigurations = (
				E45BF78624B9857D0051A649 /* Debug */,
				E45BF78724B9857D0051A649 /* Release */,
			);
			defaultConfigurationIsVisible = 0;
			defaultConfigurationName = Release;
		};
		E45BF78824B9857D0051A649 /* Build configuration list for PBXNativeTarget "Leetcode" */ = {
			isa = XCConfigurationList;
			buildConfigurations = (
				E45BF78924B9857D0051A649 /* Debug */,
				E45BF78A24B9857D0051A649 /* Release */,
			);
			defaultConfigurationIsVisible = 0;
			defaultConfigurationName = Release;
		};
/* End XCConfigurationList section */
	};
	rootObject = E45BF77924B9857D0051A649 /* Project object */;
}
